{
    "_readme": [
        "This file locks the dependencies of your project to a known state",
        "Read more about it at https://getcomposer.org/doc/01-basic-usage.md#installing-dependencies",
        "This file is @generated automatically"
    ],
    "content-hash": "b1245cda0cc0475699c61e3f6760b0a7",
    "packages": [
        {
            "name": "soysudhanshu/katana",
            "version": "0.1.0",
            "source": {
                "type": "git",
                "url": "https://github.com/soysudhanshu/katana.git",
                "reference": "941ee0505d2538e4d76a236a859df4d0c1e12c29"
            },
            "dist": {
                "type": "zip",
                "url": "https://api.github.com/repos/soysudhanshu/katana/zipball/941ee0505d2538e4d76a236a859df4d0c1e12c29",
                "reference": "941ee0505d2538e4d76a236a859df4d0c1e12c29",
                "shasum": ""
            },
            "require-dev": {
                "phpstan/phpstan": "^2.2",
                "phpunit/phpunit": "^11.2",
                "symfony/var-dumper": "^7.1"
            },
            "type": "library",
            "autoload": {
                "files": [
                    "src/helpers.php"
                ],
                "psr-4": {
                    "Blade\\": "src/",
                    "Tests\\": "tests/"
                }
            },
            "notification-url": "https://packagist.org/downloads/",
            "license": [
                "MIT"
            ],
            "description": "Stadalone version of laravel Blade",
            "support": {
                "issues": "https://github.com/soysudhanshu/katana/issues",
                "source": "https://github.com/soysudhanshu/katana/tree/0.1.0"
            },
            "time": "2026-06-24T13:39:16+00:00"
        }
    ],
    "packages-dev": [
        {
            "name": "symfony/polyfill-mbstring",
            "version": "v1.38.2",
            "source": {
                "type": "git",
                "url": "https://github.com/symfony/polyfill-mbstring.git",
                "reference": "d3d318bad5e7a1bfbd026009c8bfb8d8f99ae6b6"
            },
            "dist": {
                "type": "zip",
                "url": "https://api.github.com/repos/symfony/polyfill-mbstring/zipball/d3d318bad5e7a1bfbd026009c8bfb8d8f99ae6b6",
                "reference": "d3d318bad5e7a1bfbd026009c8bfb8d8f99ae6b6",
                "shasum": ""
            },
            "require": {
                "ext-iconv": "*",
                "php": ">=7.2"
            },
            "provide": {
                "ext-mbstring": "*"
            },
            "suggest": {
                "ext-mbstring": "For best performance"
            },
            "type": "library",
            "extra": {
                "thanks": {
                    "url": "https://github.com/symfony/polyfill",
                    "name": "symfony/polyfill"
                }
            },
            "autoload": {
                "files": [
                    "bootstrap.php"
                ],
                "psr-4": {
                    "Symfony\\Polyfill\\Mbstring\\": ""
                }
            },
            "notification-url": "https://packagist.org/downloads/",
            "license": [
                "MIT"
            ],
            "authors": [
                {
                    "name": "Nicolas Grekas",
                    "email": "p@tchwork.com"
                },
                {
                    "name": "Symfony Community",
                    "homepage": "https://symfony.com/contributors"
                }
            ],
            "description": "Symfony polyfill for the Mbstring extension",
            "homepage": "https://symfony.com",
            "keywords": [
                "compatibility",
                "mbstring",
                "polyfill",
                "portable",
                "shim"
            ],
            "support": {
                "source": "https://github.com/symfony/polyfill-mbstring/tree/v1.38.2"
            },
            "funding": [
                {
                    "url": "https://symfony.com/sponsor",
                    "type": "custom"
                },
                {
                    "url": "https://github.com/fabpot",
                    "type": "github"
                },
                {
                    "url": "https://github.com/nicolas-grekas",
                    "type": "github"
                },
                {
                    "url": "https://tidelift.com/funding/github/packagist/symfony/symfony",
                    "type": "tidelift"
                }
            ],
            "time": "2026-05-27T06:59:30+00:00"
        },
        {
            "name": "symfony/var-dumper",
            "version": "v8.1.0",
            "source": {
                "type": "git",
                "url": "https://github.com/symfony/var-dumper.git",
                "reference": "c2c4df1d21477cc21c9f6dc1b14d07c3abc4963e"
            },
            "dist": {
                "type": "zip",
                "url": "https://api.github.com/repos/symfony/var-dumper/zipball/c2c4df1d21477cc21c9f6dc1b14d07c3abc4963e",
                "reference": "c2c4df1d21477cc21c9f6dc1b14d07c3abc4963e",
                "shasum": ""
            },
            "require": {
                "php": ">=8.4.1",
                "symfony/polyfill-mbstring": "^1.0"
            },
            "conflict": {
                "symfony/console": "<7.4",
                "symfony/error-handler": "<7.4"
            },
            "require-dev": {
                "symfony/console": "^7.4|^8.0",
                "symfony/http-kernel": "^7.4|^8.0",
                "symfony/process": "^7.4|^8.0",
                "symfony/uid": "^7.4|^8.0",
                "twig/twig": "^3.12"
            },
            "bin": [
                "Resources/bin/var-dump-server"
            ],
            "type": "library",
            "autoload": {
                "files": [
                    "Resources/functions/dump.php"
                ],
                "psr-4": {
                    "Symfony\\Component\\VarDumper\\": ""
                },
                "exclude-from-classmap": [
                    "/Tests/"
                ]
            },
            "notification-url": "https://packagist.org/downloads/",
            "license": [
                "MIT"
            ],
            "authors": [
                {
                    "name": "Nicolas Grekas",
                    "email": "p@tchwork.com"
                },
                {
                    "name": "Symfony Community",
                    "homepage": "https://symfony.com/contributors"
                }
            ],
            "description": "Provides mechanisms for walking through any arbitrary PHP variable",
            "homepage": "https://symfony.com",
            "keywords": [
                "debug",
                "dump"
            ],
            "support": {
                "source": "https://github.com/symfony/var-dumper/tree/v8.1.0"
            },
            "funding": [
                {
                    "url": "https://symfony.com/sponsor",
                    "type": "custom"
                },
                {
                    "url": "https://github.com/fabpot",
                    "type": "github"
                },
                {
                    "url": "https://github.com/nicolas-grekas",
                    "type": "github"
                },
                {
                    "url": "https://tidelift.com/funding/github/packagist/symfony/symfony",
                    "type": "tidelift"
                }
            ],
            "time": "2026-05-29T05:06:50+00:00"
        }
    ],
    "aliases": [],
    "minimum-stability": "stable",
    "stability-flags": {},
    "prefer-stable": false,
    "prefer-lowest": false,
    "platform": {},
    "platform-dev": {},
    "plugin-api-version": "2.9.0"
}
